
Microsoft Visual Studio Solution File, Format Version 12.00
# Visual Studio Version 16
VisualStudioVersion = 16.0.30611.23
MinimumVisualStudioVersion = 10.0.40219.1
Project("{2150E333-8FDC-42A3-9474-1A3956D46DE8}") = "Tests", "Tests", "{8C071D36-662E-4ECA-B6B8-080976B80AAB}"
	ProjectSection(SolutionItems) = preProject
		src\UnitTests\UnitTests.csproj = src\UnitTests\UnitTests.csproj
	EndProjectSection
EndProject
Project("{2150E333-8FDC-42A3-9474-1A3956D46DE8}") = "DockerFiles", "DockerFiles", "{B4A71C71-54EE-4A63-A2CA-E987A38322C0}"
EndProject
Project("{2150E333-8FDC-42A3-9474-1A3956D46DE8}") = "src", "src", "{D7483045-E4B9-4272-956D-D48318FD97D7}"
EndProject
Project("{9A19103F-16F7-4668-BE54-9A1E7A4F7556}") = "WebApi", "src\WebApi\WebApi.csproj", "{86AEE80E-323B-42B9-A552-E2DB2F147528}"
EndProject
Global
	GlobalSection(SolutionConfigurationPlatforms) = preSolution
		Debug|Any CPU = Debug|Any CPU
		Release|Any CPU = Release|Any CPU
	EndGlobalSection
	GlobalSection(ProjectConfigurationPlatforms) = postSolution
		{86AEE80E-323B-42B9-A552-E2DB2F147528}.Debug|Any CPU.ActiveCfg = Debug|Any CPU
		{86AEE80E-323B-42B9-A552-E2DB2F147528}.Debug|Any CPU.Build.0 = Debug|Any CPU
		{86AEE80E-323B-42B9-A552-E2DB2F147528}.Release|Any CPU.ActiveCfg = Release|Any CPU
		{86AEE80E-323B-42B9-A552-E2DB2F147528}.Release|Any CPU.Build.0 = Release|Any CPU
	EndGlobalSection
	GlobalSection(SolutionProperties) = preSolution
		HideSolutionNode = FALSE
	EndGlobalSection
	GlobalSection(NestedProjects) = preSolution
		{86AEE80E-323B-42B9-A552-E2DB2F147528} = {D7483045-E4B9-4272-956D-D48318FD97D7}
	EndGlobalSection
	GlobalSection(ExtensibilityGlobals) = postSolution
		SolutionGuid = {F5EC6A45-437A-4408-8C4A-E5C5F3847F63}
	EndGlobalSection
EndGlobal
